<?xml version="1.0" encoding="utf-8"?>
<Project ToolsVersion="4.0" xmlns="http://schemas.microsoft.com/developer/msbuild/2003">
    <ItemGroup>
        <Filter Include="Source Files">
            <UniqueIdentifier>{4FC737F1-C7A5-4376-A066-2A32D752A2FF}</UniqueIdentifier>
            <Extensions>cpp;c;cc;cxx;c++;cppm;ixx;def;odl;idl;hpj;bat;asm;asmx</Extensions>
        </Filter>
        <Filter Include="Header Files">
            <UniqueIdentifier>{93995380-89BD-4B04-88EB-625FBE52EBFB}</UniqueIdentifier>
            <Extensions>h;hh;hpp;hxx;h++;hm;inl;inc;ipp;xsd</Extensions>
        </Filter>
        <Filter Include="Images">
            <UniqueIdentifier>{6E901252-3135-5382-5769-143D295A57A6}</UniqueIdentifier>
            <Extensions>png;jpg;jpeg;dds;bmp;tif;tiff;gif;ico;svg</Extensions>
        </Filter>
        <Filter Include="Resource Files">
            <UniqueIdentifier>{67DA6AB6-F800-4C08-8B7A-83BB121AAD01}</UniqueIdentifier>
            <Extensions>rc;cur;dlg;rc2;rct;bin;rgs;resx;wav;mfcribbon-ms</Extensions>
        </Filter>
    </ItemGroup>
    <ItemGroup>
        <ClInclude Include="$(SolutionDir)..\src\Runner\App.h">
            <Filter>Header Files</Filter>
        </ClInclude>
        <ClInclude Include="$(SolutionDir)..\src\Runner\ButtonText.h">
            <Filter>Header Files</Filter>
        </ClInclude>
        <ClInclude Include="$(SolutionDir)..\src\Runner\Character.h">
            <Filter>Header Files</Filter>
        </ClInclude>
        <ClInclude Include="$(SolutionDir)..\src\Runner\Coins.h">
            <Filter>Header Files</Filter>
        </ClInclude>
        <ClInclude Include="$(SolutionDir)..\src\Runner\Controller.h">
            <Filter>Header Files</Filter>
        </ClInclude>
        <ClInclude Include="$(SolutionDir)..\src\Runner\CrazyFrogEnnemy.h">
            <Filter>Header Files</Filter>
        </ClInclude>
        <ClInclude Include="$(SolutionDir)..\src\Runner\Entity.h">
            <Filter>Header Files</Filter>
        </ClInclude>
        <ClInclude Include="$(SolutionDir)..\src\Runner\Floor.h">
            <Filter>Header Files</Filter>
        </ClInclude>
        <ClInclude Include="$(SolutionDir)..\src\Runner\MenuScene.h">
            <Filter>Header Files</Filter>
        </ClInclude>
        <ClInclude Include="$(SolutionDir)..\src\Runner\MoveEnnemy.h">
            <Filter>Header Files</Filter>
        </ClInclude>
        <ClInclude Include="$(SolutionDir)..\src\Runner\pch.h">
            <Filter>Header Files</Filter>
        </ClInclude>
        <ClInclude Include="$(SolutionDir)..\src\Runner\PowerUp.h">
            <Filter>Header Files</Filter>
        </ClInclude>
        <ClInclude Include="$(SolutionDir)..\src\Runner\RandomConfigGenerator.h">
            <Filter>Header Files</Filter>
        </ClInclude>
        <ClInclude Include="$(SolutionDir)..\src\Runner\Ressources.h">
            <Filter>Header Files</Filter>
        </ClInclude>
        <ClInclude Include="$(SolutionDir)..\src\Runner\RunnerCamera.h">
            <Filter>Header Files</Filter>
        </ClInclude>
        <ClInclude Include="$(SolutionDir)..\src\Runner\RunnerScene.h">
            <Filter>Header Files</Filter>
        </ClInclude>
        <ClInclude Include="$(SolutionDir)..\src\Runner\Scene.h">
            <Filter>Header Files</Filter>
        </ClInclude>
        <ClInclude Include="$(SolutionDir)..\src\Runner\SceneManager.h">
            <Filter>Header Files</Filter>
        </ClInclude>
        <ClInclude Include="$(SolutionDir)..\src\Runner\StaticEnnemi.h">
            <Filter>Header Files</Filter>
        </ClInclude>
        <ClInclude Include="$(SolutionDir)..\src\Runner\Tile.h">
            <Filter>Header Files</Filter>
        </ClInclude>
        <ClInclude Include="$(SolutionDir)..\src\Runner\TileGenerator.h">
            <Filter>Header Files</Filter>
        </ClInclude>
        <ClInclude Include="$(SolutionDir)..\src\Runner\Wall.h">
            <Filter>Header Files</Filter>
        </ClInclude>
    </ItemGroup>
    <ItemGroup>
        <ClCompile Include="$(SolutionDir)..\src\Runner\App.cpp">
            <Filter>Source Files</Filter>
        </ClCompile>
        <ClCompile Include="$(SolutionDir)..\src\Runner\ButtonText.cpp">
            <Filter>Source Files</Filter>
        </ClCompile>
        <ClCompile Include="$(SolutionDir)..\src\Runner\Character.cpp">
            <Filter>Source Files</Filter>
        </ClCompile>
        <ClCompile Include="$(SolutionDir)..\src\Runner\Coins.cpp">
            <Filter>Source Files</Filter>
        </ClCompile>
        <ClCompile Include="$(SolutionDir)..\src\Runner\Controller.cpp">
            <Filter>Source Files</Filter>
        </ClCompile>
        <ClCompile Include="$(SolutionDir)..\src\Runner\CrazyFrogEnnemy.cpp">
            <Filter>Source Files</Filter>
        </ClCompile>
        <ClCompile Include="$(SolutionDir)..\src\Runner\Entity.cpp">
            <Filter>Source Files</Filter>
        </ClCompile>
        <ClCompile Include="$(SolutionDir)..\src\Runner\Floor.cpp">
            <Filter>Source Files</Filter>
        </ClCompile>
        <ClCompile Include="$(SolutionDir)..\src\Runner\main.cpp">
            <Filter>Source Files</Filter>
        </ClCompile>
        <ClCompile Include="$(SolutionDir)..\src\Runner\MenuScene.cpp">
            <Filter>Source Files</Filter>
        </ClCompile>
        <ClCompile Include="$(SolutionDir)..\src\Runner\MoveEnnemy.cpp">
            <Filter>Source Files</Filter>
        </ClCompile>
        <ClCompile Include="$(SolutionDir)..\src\Runner\PowerUp.cpp">
            <Filter>Source Files</Filter>
        </ClCompile>
        <ClCompile Include="$(SolutionDir)..\src\Runner\RandomConfigGenerator.cpp">
            <Filter>Source Files</Filter>
        </ClCompile>
        <ClCompile Include="$(SolutionDir)..\src\Runner\Ressources.cpp">
            <Filter>Source Files</Filter>
        </ClCompile>
        <ClCompile Include="$(SolutionDir)..\src\Runner\RunnerCamera.cpp">
            <Filter>Source Files</Filter>
        </ClCompile>
        <ClCompile Include="$(SolutionDir)..\src\Runner\RunnerScene.cpp">
            <Filter>Source Files</Filter>
        </ClCompile>
        <ClCompile Include="$(SolutionDir)..\src\Runner\Scene.cpp">
            <Filter>Source Files</Filter>
        </ClCompile>
        <ClCompile Include="$(SolutionDir)..\src\Runner\SceneManager.cpp">
            <Filter>Source Files</Filter>
        </ClCompile>
        <ClCompile Include="$(SolutionDir)..\src\Runner\StaticEnnemi.cpp">
            <Filter>Source Files</Filter>
        </ClCompile>
        <ClCompile Include="$(SolutionDir)..\src\Runner\Tile.cpp">
            <Filter>Source Files</Filter>
        </ClCompile>
        <ClCompile Include="$(SolutionDir)..\src\Runner\TileGenerator.cpp">
            <Filter>Source Files</Filter>
        </ClCompile>
        <ClCompile Include="$(SolutionDir)..\src\Runner\Wall.cpp">
            <Filter>Source Files</Filter>
        </ClCompile>
    </ItemGroup>
    <ItemGroup>
    </ItemGroup>
    <ItemGroup>
    </ItemGroup>
</Project>